
Microsoft Visual Studio Solution File, Format Version 12.00
# Visual Studio Version 17
VisualStudioVersion = 17.14.36429.23
MinimumVisualStudioVersion = 10.0.40219.1
Project("{2150E333-8FDC-42A3-9474-1A3956D46DE8}") = "Solution Items", "Solution Items", "{8EC462FD-D22E-90A8-E5CE-7E832BA40C5D}"
	ProjectSection(SolutionItems) = preProject
		README.md = README.md
	EndProjectSection
EndProject
Project("{FAE04EC0-301F-11D3-BF4B-00C04F79EFBC}") = "PR.Domain", "PR.Domain\PR.Domain.csproj", "{7582DB2B-8DC2-4DA9-B976-7273967F0EE8}"
EndProject
Project("{FAE04EC0-301F-11D3-BF4B-00C04F79EFBC}") = "PR.Persistence", "PR.Persistence\PR.Persistence.csproj", "{AAABF047-4C98-442F-B8A8-06BB1AA7F06E}"
EndProject
Project("{FAE04EC0-301F-11D3-BF4B-00C04F79EFBC}") = "PR.Persistence.EntityFrameworkCore", "PR.Persistence.EntityFrameworkCore\PR.Persistence.EntityFrameworkCore.csproj", "{5A15C32F-62B5-4FD8-90B8-CBB2C72C7144}"
EndProject
Project("{FAE04EC0-301F-11D3-BF4B-00C04F79EFBC}") = "PR.Persistence.EntityFrameworkCore.Sqlite", "PR.Persistence.EntityFrameworkCore.Sqlite\PR.Persistence.EntityFrameworkCore.Sqlite.csproj", "{458DF87A-0566-49BF-A49A-1F01B19ED426}"
EndProject
Project("{FAE04EC0-301F-11D3-BF4B-00C04F79EFBC}") = "PR.Persistence.EntityFrameworkCore.Helper", "PR.Persistence.EntityFrameworkCore.Helper\PR.Persistence.EntityFrameworkCore.Helper.csproj", "{FA520E91-B753-4CD3-9659-8C0A6ABB5807}"
EndProject
Project("{FAE04EC0-301F-11D3-BF4B-00C04F79EFBC}") = "PR.IO", "PR.IO\PR.IO.csproj", "{1E670799-9FED-49DB-AF6E-5191350EF4A3}"
EndProject
Project("{FAE04EC0-301F-11D3-BF4B-00C04F79EFBC}") = "PR.Application", "PR.Application\PR.Application.csproj", "{93B90A7D-F9F0-4783-BDC0-91BC577D6292}"
EndProject
Project("{FAE04EC0-301F-11D3-BF4B-00C04F79EFBC}") = "PR.UI.Console", "PR.UI.Console\PR.UI.Console.csproj", "{653D79F0-30BC-4046-96E0-188C63B15B21}"
EndProject
Project("{FAE04EC0-301F-11D3-BF4B-00C04F79EFBC}") = "PR.ViewModel", "PR.ViewModel\PR.ViewModel.csproj", "{4BF3CDFA-D58A-49D7-A4AB-0BF1534E4600}"
EndProject
Project("{FAE04EC0-301F-11D3-BF4B-00C04F79EFBC}") = "PR.UI.WPF", "PR.UI.WPF\PR.UI.WPF.csproj", "{520220B5-7DFD-4B2A-8ECF-DDFBF6172B51}"
EndProject
Project("{FAE04EC0-301F-11D3-BF4B-00C04F79EFBC}") = "PR.Persistence.EntityFrameworkCore.PostgreSQL", "PR.Persistence.EntityFrameworkCore.PostgreSQL\PR.Persistence.EntityFrameworkCore.PostgreSQL.csproj", "{A4AE93A3-66FD-4EAD-BC5D-B3179EF35511}"
EndProject
Project("{FAE04EC0-301F-11D3-BF4B-00C04F79EFBC}") = "PR.Persistence.EntityFrameworkCore.SqlServer", "PR.Persistence.EntityFrameworkCore.SqlServer\PR.Persistence.EntityFrameworkCore.SqlServer.csproj", "{784FA9EF-3705-418C-8091-D89949087918}"
EndProject
Global
	GlobalSection(SolutionConfigurationPlatforms) = preSolution
		Debug|Any CPU = Debug|Any CPU
		Release|Any CPU = Release|Any CPU
	EndGlobalSection
	GlobalSection(ProjectConfigurationPlatforms) = postSolution
		{7582DB2B-8DC2-4DA9-B976-7273967F0EE8}.Debug|Any CPU.ActiveCfg = Debug|Any CPU
		{7582DB2B-8DC2-4DA9-B976-7273967F0EE8}.Debug|Any CPU.Build.0 = Debug|Any CPU
		{7582DB2B-8DC2-4DA9-B976-7273967F0EE8}.Release|Any CPU.ActiveCfg = Release|Any CPU
		{7582DB2B-8DC2-4DA9-B976-7273967F0EE8}.Release|Any CPU.Build.0 = Release|Any CPU
		{AAABF047-4C98-442F-B8A8-06BB1AA7F06E}.Debug|Any CPU.ActiveCfg = Debug|Any CPU
		{AAABF047-4C98-442F-B8A8-06BB1AA7F06E}.Debug|Any CPU.Build.0 = Debug|Any CPU
		{AAABF047-4C98-442F-B8A8-06BB1AA7F06E}.Release|Any CPU.ActiveCfg = Release|Any CPU
		{AAABF047-4C98-442F-B8A8-06BB1AA7F06E}.Release|Any CPU.Build.0 = Release|Any CPU
		{5A15C32F-62B5-4FD8-90B8-CBB2C72C7144}.Debug|Any CPU.ActiveCfg = Debug|Any CPU
		{5A15C32F-62B5-4FD8-90B8-CBB2C72C7144}.Debug|Any CPU.Build.0 = Debug|Any CPU
		{5A15C32F-62B5-4FD8-90B8-CBB2C72C7144}.Release|Any CPU.ActiveCfg = Release|Any CPU
		{5A15C32F-62B5-4FD8-90B8-CBB2C72C7144}.Release|Any CPU.Build.0 = Release|Any CPU
		{458DF87A-0566-49BF-A49A-1F01B19ED426}.Debug|Any CPU.ActiveCfg = Debug|Any CPU
		{458DF87A-0566-49BF-A49A-1F01B19ED426}.Debug|Any CPU.Build.0 = Debug|Any CPU
		{458DF87A-0566-49BF-A49A-1F01B19ED426}.Release|Any CPU.ActiveCfg = Release|Any CPU
		{458DF87A-0566-49BF-A49A-1F01B19ED426}.Release|Any CPU.Build.0 = Release|Any CPU
		{FA520E91-B753-4CD3-9659-8C0A6ABB5807}.Debug|Any CPU.ActiveCfg = Debug|Any CPU
		{FA520E91-B753-4CD3-9659-8C0A6ABB5807}.Debug|Any CPU.Build.0 = Debug|Any CPU
		{FA520E91-B753-4CD3-9659-8C0A6ABB5807}.Release|Any CPU.ActiveCfg = Release|Any CPU
		{FA520E91-B753-4CD3-9659-8C0A6ABB5807}.Release|Any CPU.Build.0 = Release|Any CPU
		{1E670799-9FED-49DB-AF6E-5191350EF4A3}.Debug|Any CPU.ActiveCfg = Debug|Any CPU
		{1E670799-9FED-49DB-AF6E-5191350EF4A3}.Debug|Any CPU.Build.0 = Debug|Any CPU
		{1E670799-9FED-49DB-AF6E-5191350EF4A3}.Release|Any CPU.ActiveCfg = Release|Any CPU
		{1E670799-9FED-49DB-AF6E-5191350EF4A3}.Release|Any CPU.Build.0 = Release|Any CPU
		{93B90A7D-F9F0-4783-BDC0-91BC577D6292}.Debug|Any CPU.ActiveCfg = Debug|Any CPU
		{93B90A7D-F9F0-4783-BDC0-91BC577D6292}.Debug|Any CPU.Build.0 = Debug|Any CPU
		{93B90A7D-F9F0-4783-BDC0-91BC577D6292}.Release|Any CPU.ActiveCfg = Release|Any CPU
		{93B90A7D-F9F0-4783-BDC0-91BC577D6292}.Release|Any CPU.Build.0 = Release|Any CPU
		{653D79F0-30BC-4046-96E0-188C63B15B21}.Debug|Any CPU.ActiveCfg = Debug|Any CPU
		{653D79F0-30BC-4046-96E0-188C63B15B21}.Debug|Any CPU.Build.0 = Debug|Any CPU
		{653D79F0-30BC-4046-96E0-188C63B15B21}.Release|Any CPU.ActiveCfg = Release|Any CPU
		{653D79F0-30BC-4046-96E0-188C63B15B21}.Release|Any CPU.Build.0 = Release|Any CPU
		{4BF3CDFA-D58A-49D7-A4AB-0BF1534E4600}.Debug|Any CPU.ActiveCfg = Debug|Any CPU
		{4BF3CDFA-D58A-49D7-A4AB-0BF1534E4600}.Debug|Any CPU.Build.0 = Debug|Any CPU
		{4BF3CDFA-D58A-49D7-A4AB-0BF1534E4600}.Release|Any CPU.ActiveCfg = Release|Any CPU
		{4BF3CDFA-D58A-49D7-A4AB-0BF1534E4600}.Release|Any CPU.Build.0 = Release|Any CPU
		{520220B5-7DFD-4B2A-8ECF-DDFBF6172B51}.Debug|Any CPU.ActiveCfg = Debug|Any CPU
		{520220B5-7DFD-4B2A-8ECF-DDFBF6172B51}.Debug|Any CPU.Build.0 = Debug|Any CPU
		{520220B5-7DFD-4B2A-8ECF-DDFBF6172B51}.Release|Any CPU.ActiveCfg = Release|Any CPU
		{520220B5-7DFD-4B2A-8ECF-DDFBF6172B51}.Release|Any CPU.Build.0 = Release|Any CPU
		{A4AE93A3-66FD-4EAD-BC5D-B3179EF35511}.Debug|Any CPU.ActiveCfg = Debug|Any CPU
		{A4AE93A3-66FD-4EAD-BC5D-B3179EF35511}.Debug|Any CPU.Build.0 = Debug|Any CPU
		{A4AE93A3-66FD-4EAD-BC5D-B3179EF35511}.Release|Any CPU.ActiveCfg = Release|Any CPU
		{A4AE93A3-66FD-4EAD-BC5D-B3179EF35511}.Release|Any CPU.Build.0 = Release|Any CPU
		{784FA9EF-3705-418C-8091-D89949087918}.Debug|Any CPU.ActiveCfg = Debug|Any CPU
		{784FA9EF-3705-418C-8091-D89949087918}.Debug|Any CPU.Build.0 = Debug|Any CPU
		{784FA9EF-3705-418C-8091-D89949087918}.Release|Any CPU.ActiveCfg = Release|Any CPU
		{784FA9EF-3705-418C-8091-D89949087918}.Release|Any CPU.Build.0 = Release|Any CPU
	EndGlobalSection
	GlobalSection(SolutionProperties) = preSolution
		HideSolutionNode = FALSE
	EndGlobalSection
	GlobalSection(ExtensibilityGlobals) = postSolution
		SolutionGuid = {01EAE303-E627-4F31-A883-A39492E4FD82}
	EndGlobalSection
EndGlobal
