
Microsoft Visual Studio Solution File, Format Version 12.00
# Visual Studio Version 17
VisualStudioVersion = 17.14.36429.23
MinimumVisualStudioVersion = 10.0.40219.1
Project("{FAE04EC0-301F-11D3-BF4B-00C04F79EFBC}") = "PR.Domain", "PR.Domain\PR.Domain.csproj", "{66629F90-F081-2978-D07A-3F2A795B102D}"
EndProject
Project("{FAE04EC0-301F-11D3-BF4B-00C04F79EFBC}") = "PR.Persistence", "PR.Persistence\PR.Persistence.csproj", "{D8CAD74D-A79A-8793-A9DF-BCDEA7811447}"
EndProject
Project("{FAE04EC0-301F-11D3-BF4B-00C04F79EFBC}") = "PR.Persistence.EntityFrameworkCore", "PR.Persistence.EntityFrameworkCore\PR.Persistence.EntityFrameworkCore.csproj", "{F4C90739-3463-56DE-2834-0D7035C99991}"
EndProject
Project("{FAE04EC0-301F-11D3-BF4B-00C04F79EFBC}") = "PR.Persistence.EntityFrameworkCore.Sqlite", "PR.Persistence.EntityFrameworkCore.Sqlite\PR.Persistence.EntityFrameworkCore.Sqlite.csproj", "{81FE782D-A29A-375C-D3A9-11B60BD8B12F}"
EndProject
Project("{FAE04EC0-301F-11D3-BF4B-00C04F79EFBC}") = "PR.Persistence.EntityFrameworkCore.PostgreSQL", "PR.Persistence.EntityFrameworkCore.PostgreSQL\PR.Persistence.EntityFrameworkCore.PostgreSQL.csproj", "{BFDB4857-0716-CF07-0383-09924636063B}"
EndProject
Project("{FAE04EC0-301F-11D3-BF4B-00C04F79EFBC}") = "PR.Persistence.EntityFrameworkCore.SqlServer", "PR.Persistence.EntityFrameworkCore.SqlServer\PR.Persistence.EntityFrameworkCore.SqlServer.csproj", "{7469C9BA-F9FF-6B38-4B1D-DFFD6EF8599F}"
EndProject
Project("{FAE04EC0-301F-11D3-BF4B-00C04F79EFBC}") = "PR.Persistence.EntityFrameworkCore.InMemory", "PR.Persistence.EntityFrameworkCore.InMemory\PR.Persistence.EntityFrameworkCore.InMemory.csproj", "{45946F56-19DF-9AE0-CCCE-51171C74272F}"
EndProject
Project("{FAE04EC0-301F-11D3-BF4B-00C04F79EFBC}") = "PR.Persistence.Versioned", "PR.Persistence.Versioned\PR.Persistence.Versioned.csproj", "{0999D592-FEAF-8F7E-B56F-AA248DF119C0}"
EndProject
Project("{FAE04EC0-301F-11D3-BF4B-00C04F79EFBC}") = "PR.Web.Persistence", "PR.Web.Persistence\PR.Web.Persistence.csproj", "{52704603-8E9B-653A-F9AD-5B5D489A1091}"
EndProject
Project("{FAE04EC0-301F-11D3-BF4B-00C04F79EFBC}") = "PR.Web.Application", "PR.Web.Application\PR.Web.Application.csproj", "{4F078619-3580-CF66-E095-854FC6F90DB7}"
EndProject
Project("{FAE04EC0-301F-11D3-BF4B-00C04F79EFBC}") = "PR.Web.Infrastructure", "PR.Web.Infrastructure\PR.Web.Infrastructure.csproj", "{DFDAA0B1-6CE4-2D59-4C00-35D7AD78BA5D}"
EndProject
Project("{FAE04EC0-301F-11D3-BF4B-00C04F79EFBC}") = "PR.Web.API", "PR.Web.API\PR.Web.API.csproj", "{F6732751-069F-2783-36D7-387E043C640E}"
EndProject
Project("{FAE04EC0-301F-11D3-BF4B-00C04F79EFBC}") = "Persistence.Dummy", "Persistence.Dummy\Persistence.Dummy.csproj", "{F168FD3C-2DCC-41FB-BD54-E6E52665CAF9}"
EndProject
Global
	GlobalSection(SolutionConfigurationPlatforms) = preSolution
		Debug|Any CPU = Debug|Any CPU
		Release|Any CPU = Release|Any CPU
	EndGlobalSection
	GlobalSection(ProjectConfigurationPlatforms) = postSolution
		{66629F90-F081-2978-D07A-3F2A795B102D}.Debug|Any CPU.ActiveCfg = Debug|Any CPU
		{66629F90-F081-2978-D07A-3F2A795B102D}.Debug|Any CPU.Build.0 = Debug|Any CPU
		{66629F90-F081-2978-D07A-3F2A795B102D}.Release|Any CPU.ActiveCfg = Release|Any CPU
		{66629F90-F081-2978-D07A-3F2A795B102D}.Release|Any CPU.Build.0 = Release|Any CPU
		{D8CAD74D-A79A-8793-A9DF-BCDEA7811447}.Debug|Any CPU.ActiveCfg = Debug|Any CPU
		{D8CAD74D-A79A-8793-A9DF-BCDEA7811447}.Debug|Any CPU.Build.0 = Debug|Any CPU
		{D8CAD74D-A79A-8793-A9DF-BCDEA7811447}.Release|Any CPU.ActiveCfg = Release|Any CPU
		{D8CAD74D-A79A-8793-A9DF-BCDEA7811447}.Release|Any CPU.Build.0 = Release|Any CPU
		{F4C90739-3463-56DE-2834-0D7035C99991}.Debug|Any CPU.ActiveCfg = Debug|Any CPU
		{F4C90739-3463-56DE-2834-0D7035C99991}.Debug|Any CPU.Build.0 = Debug|Any CPU
		{F4C90739-3463-56DE-2834-0D7035C99991}.Release|Any CPU.ActiveCfg = Release|Any CPU
		{F4C90739-3463-56DE-2834-0D7035C99991}.Release|Any CPU.Build.0 = Release|Any CPU
		{81FE782D-A29A-375C-D3A9-11B60BD8B12F}.Debug|Any CPU.ActiveCfg = Debug|Any CPU
		{81FE782D-A29A-375C-D3A9-11B60BD8B12F}.Debug|Any CPU.Build.0 = Debug|Any CPU
		{81FE782D-A29A-375C-D3A9-11B60BD8B12F}.Release|Any CPU.ActiveCfg = Release|Any CPU
		{81FE782D-A29A-375C-D3A9-11B60BD8B12F}.Release|Any CPU.Build.0 = Release|Any CPU
		{BFDB4857-0716-CF07-0383-09924636063B}.Debug|Any CPU.ActiveCfg = Debug|Any CPU
		{BFDB4857-0716-CF07-0383-09924636063B}.Debug|Any CPU.Build.0 = Debug|Any CPU
		{BFDB4857-0716-CF07-0383-09924636063B}.Release|Any CPU.ActiveCfg = Release|Any CPU
		{BFDB4857-0716-CF07-0383-09924636063B}.Release|Any CPU.Build.0 = Release|Any CPU
		{7469C9BA-F9FF-6B38-4B1D-DFFD6EF8599F}.Debug|Any CPU.ActiveCfg = Debug|Any CPU
		{7469C9BA-F9FF-6B38-4B1D-DFFD6EF8599F}.Debug|Any CPU.Build.0 = Debug|Any CPU
		{7469C9BA-F9FF-6B38-4B1D-DFFD6EF8599F}.Release|Any CPU.ActiveCfg = Release|Any CPU
		{7469C9BA-F9FF-6B38-4B1D-DFFD6EF8599F}.Release|Any CPU.Build.0 = Release|Any CPU
		{45946F56-19DF-9AE0-CCCE-51171C74272F}.Debug|Any CPU.ActiveCfg = Debug|Any CPU
		{45946F56-19DF-9AE0-CCCE-51171C74272F}.Debug|Any CPU.Build.0 = Debug|Any CPU
		{45946F56-19DF-9AE0-CCCE-51171C74272F}.Release|Any CPU.ActiveCfg = Release|Any CPU
		{45946F56-19DF-9AE0-CCCE-51171C74272F}.Release|Any CPU.Build.0 = Release|Any CPU
		{94005C96-42D9-746A-55B1-3F04E2CB0C24}.Debug|Any CPU.ActiveCfg = Debug|Any CPU
		{94005C96-42D9-746A-55B1-3F04E2CB0C24}.Debug|Any CPU.Build.0 = Debug|Any CPU
		{94005C96-42D9-746A-55B1-3F04E2CB0C24}.Release|Any CPU.ActiveCfg = Release|Any CPU
		{94005C96-42D9-746A-55B1-3F04E2CB0C24}.Release|Any CPU.Build.0 = Release|Any CPU
		{0999D592-FEAF-8F7E-B56F-AA248DF119C0}.Debug|Any CPU.ActiveCfg = Debug|Any CPU
		{0999D592-FEAF-8F7E-B56F-AA248DF119C0}.Debug|Any CPU.Build.0 = Debug|Any CPU
		{0999D592-FEAF-8F7E-B56F-AA248DF119C0}.Release|Any CPU.ActiveCfg = Release|Any CPU
		{0999D592-FEAF-8F7E-B56F-AA248DF119C0}.Release|Any CPU.Build.0 = Release|Any CPU
		{52704603-8E9B-653A-F9AD-5B5D489A1091}.Debug|Any CPU.ActiveCfg = Debug|Any CPU
		{52704603-8E9B-653A-F9AD-5B5D489A1091}.Debug|Any CPU.Build.0 = Debug|Any CPU
		{52704603-8E9B-653A-F9AD-5B5D489A1091}.Release|Any CPU.ActiveCfg = Release|Any CPU
		{52704603-8E9B-653A-F9AD-5B5D489A1091}.Release|Any CPU.Build.0 = Release|Any CPU
		{4F078619-3580-CF66-E095-854FC6F90DB7}.Debug|Any CPU.ActiveCfg = Debug|Any CPU
		{4F078619-3580-CF66-E095-854FC6F90DB7}.Debug|Any CPU.Build.0 = Debug|Any CPU
		{4F078619-3580-CF66-E095-854FC6F90DB7}.Release|Any CPU.ActiveCfg = Release|Any CPU
		{4F078619-3580-CF66-E095-854FC6F90DB7}.Release|Any CPU.Build.0 = Release|Any CPU
		{DFDAA0B1-6CE4-2D59-4C00-35D7AD78BA5D}.Debug|Any CPU.ActiveCfg = Debug|Any CPU
		{DFDAA0B1-6CE4-2D59-4C00-35D7AD78BA5D}.Debug|Any CPU.Build.0 = Debug|Any CPU
		{DFDAA0B1-6CE4-2D59-4C00-35D7AD78BA5D}.Release|Any CPU.ActiveCfg = Release|Any CPU
		{DFDAA0B1-6CE4-2D59-4C00-35D7AD78BA5D}.Release|Any CPU.Build.0 = Release|Any CPU
		{F6732751-069F-2783-36D7-387E043C640E}.Debug|Any CPU.ActiveCfg = Debug|Any CPU
		{F6732751-069F-2783-36D7-387E043C640E}.Debug|Any CPU.Build.0 = Debug|Any CPU
		{F6732751-069F-2783-36D7-387E043C640E}.Release|Any CPU.ActiveCfg = Release|Any CPU
		{F6732751-069F-2783-36D7-387E043C640E}.Release|Any CPU.Build.0 = Release|Any CPU
		{F168FD3C-2DCC-41FB-BD54-E6E52665CAF9}.Debug|Any CPU.ActiveCfg = Debug|Any CPU
		{F168FD3C-2DCC-41FB-BD54-E6E52665CAF9}.Debug|Any CPU.Build.0 = Debug|Any CPU
		{F168FD3C-2DCC-41FB-BD54-E6E52665CAF9}.Release|Any CPU.ActiveCfg = Release|Any CPU
		{F168FD3C-2DCC-41FB-BD54-E6E52665CAF9}.Release|Any CPU.Build.0 = Release|Any CPU
	EndGlobalSection
	GlobalSection(SolutionProperties) = preSolution
		HideSolutionNode = FALSE
	EndGlobalSection
	GlobalSection(ExtensibilityGlobals) = postSolution
		SolutionGuid = {16F2ED4E-2596-49D1-8A73-19CD57768A69}
	EndGlobalSection
EndGlobal
