
Microsoft Visual Studio Solution File, Format Version 12.00
# Visual Studio Version 17
VisualStudioVersion = 17.14.36429.23
MinimumVisualStudioVersion = 10.0.40219.1
Project("{FAE04EC0-301F-11D3-BF4B-00C04F79EFBC}") = "PR.Domain", "PR.Domain\PR.Domain.csproj", "{66629F90-F081-2978-D07A-3F2A795B102D}"
EndProject
Project("{FAE04EC0-301F-11D3-BF4B-00C04F79EFBC}") = "PR.Persistence", "PR.Persistence\PR.Persistence.csproj", "{D8CAD74D-A79A-8793-A9DF-BCDEA7811447}"
EndProject
Project("{FAE04EC0-301F-11D3-BF4B-00C04F79EFBC}") = "PR.Persistence.EntityFrameworkCore", "PR.Persistence.EntityFrameworkCore\PR.Persistence.EntityFrameworkCore.csproj", "{F4C90739-3463-56DE-2834-0D7035C99991}"
EndProject
Project("{FAE04EC0-301F-11D3-BF4B-00C04F79EFBC}") = "PR.Persistence.Versioned", "PR.Persistence.Versioned\PR.Persistence.Versioned.csproj", "{0999D592-FEAF-8F7E-B56F-AA248DF119C0}"
EndProject
Project("{FAE04EC0-301F-11D3-BF4B-00C04F79EFBC}") = "PR.Web.Persistence", "PR.Web.Persistence\PR.Web.Persistence.csproj", "{52704603-8E9B-653A-F9AD-5B5D489A1091}"
EndProject
Project("{FAE04EC0-301F-11D3-BF4B-00C04F79EFBC}") = "PR.Web.Application", "PR.Web.Application\PR.Web.Application.csproj", "{4F078619-3580-CF66-E095-854FC6F90DB7}"
EndProject
Project("{FAE04EC0-301F-11D3-BF4B-00C04F79EFBC}") = "PR.Web.Infrastructure", "PR.Web.Infrastructure\PR.Web.Infrastructure.csproj", "{DFDAA0B1-6CE4-2D59-4C00-35D7AD78BA5D}"
EndProject
Project("{FAE04EC0-301F-11D3-BF4B-00C04F79EFBC}") = "PR.Web.API", "PR.Web.API\PR.Web.API.csproj", "{F6732751-069F-2783-36D7-387E043C640E}"
EndProject
Project("{FAE04EC0-301F-11D3-BF4B-00C04F79EFBC}") = "Persistence.Dummy", "Persistence.Dummy\Persistence.Dummy.csproj", "{F168FD3C-2DCC-41FB-BD54-E6E52665CAF9}"
EndProject
Project("{2150E333-8FDC-42A3-9474-1A3956D46DE8}") = "Solution Items", "Solution Items", "{8EC462FD-D22E-90A8-E5CE-7E832BA40C5D}"
	ProjectSection(SolutionItems) = preProject
		Readme.txt = Readme.txt
	EndProjectSection
EndProject
Project("{FAE04EC0-301F-11D3-BF4B-00C04F79EFBC}") = "PR.UI.Console", "PR.UI.Console\PR.UI.Console.csproj", "{38998789-AFD7-5934-9C19-65137424DC1A}"
EndProject
Project("{FAE04EC0-301F-11D3-BF4B-00C04F79EFBC}") = "DummyConsoleApp", "DummyConsoleApp\DummyConsoleApp.csproj", "{D11796BF-D6A3-4EDD-B728-C98D55A934DC}"
EndProject
Project("{FAE04EC0-301F-11D3-BF4B-00C04F79EFBC}") = "DummyWpfApp", "DummyWpfApp\DummyWpfApp.csproj", "{2FF35D98-B951-4C4C-812B-30266BB57E3C}"
EndProject
Project("{FAE04EC0-301F-11D3-BF4B-00C04F79EFBC}") = "DummyWpfApp2", "DummyWpfApp2\DummyWpfApp2.csproj", "{1780F789-77ED-4096-BA27-BA288CC2DC9B}"
EndProject
Global
	GlobalSection(SolutionConfigurationPlatforms) = preSolution
		Debug|Any CPU = Debug|Any CPU
		Release|Any CPU = Release|Any CPU
	EndGlobalSection
	GlobalSection(ProjectConfigurationPlatforms) = postSolution
		{66629F90-F081-2978-D07A-3F2A795B102D}.Debug|Any CPU.ActiveCfg = Debug|Any CPU
		{66629F90-F081-2978-D07A-3F2A795B102D}.Debug|Any CPU.Build.0 = Debug|Any CPU
		{66629F90-F081-2978-D07A-3F2A795B102D}.Release|Any CPU.ActiveCfg = Release|Any CPU
		{66629F90-F081-2978-D07A-3F2A795B102D}.Release|Any CPU.Build.0 = Release|Any CPU
		{D8CAD74D-A79A-8793-A9DF-BCDEA7811447}.Debug|Any CPU.ActiveCfg = Debug|Any CPU
		{D8CAD74D-A79A-8793-A9DF-BCDEA7811447}.Debug|Any CPU.Build.0 = Debug|Any CPU
		{D8CAD74D-A79A-8793-A9DF-BCDEA7811447}.Release|Any CPU.ActiveCfg = Release|Any CPU
		{D8CAD74D-A79A-8793-A9DF-BCDEA7811447}.Release|Any CPU.Build.0 = Release|Any CPU
		{F4C90739-3463-56DE-2834-0D7035C99991}.Debug|Any CPU.ActiveCfg = Debug|Any CPU
		{F4C90739-3463-56DE-2834-0D7035C99991}.Debug|Any CPU.Build.0 = Debug|Any CPU
		{F4C90739-3463-56DE-2834-0D7035C99991}.Release|Any CPU.ActiveCfg = Release|Any CPU
		{F4C90739-3463-56DE-2834-0D7035C99991}.Release|Any CPU.Build.0 = Release|Any CPU
		{0999D592-FEAF-8F7E-B56F-AA248DF119C0}.Debug|Any CPU.ActiveCfg = Debug|Any CPU
		{0999D592-FEAF-8F7E-B56F-AA248DF119C0}.Debug|Any CPU.Build.0 = Debug|Any CPU
		{0999D592-FEAF-8F7E-B56F-AA248DF119C0}.Release|Any CPU.ActiveCfg = Release|Any CPU
		{0999D592-FEAF-8F7E-B56F-AA248DF119C0}.Release|Any CPU.Build.0 = Release|Any CPU
		{52704603-8E9B-653A-F9AD-5B5D489A1091}.Debug|Any CPU.ActiveCfg = Debug|Any CPU
		{52704603-8E9B-653A-F9AD-5B5D489A1091}.Debug|Any CPU.Build.0 = Debug|Any CPU
		{52704603-8E9B-653A-F9AD-5B5D489A1091}.Release|Any CPU.ActiveCfg = Release|Any CPU
		{52704603-8E9B-653A-F9AD-5B5D489A1091}.Release|Any CPU.Build.0 = Release|Any CPU
		{4F078619-3580-CF66-E095-854FC6F90DB7}.Debug|Any CPU.ActiveCfg = Debug|Any CPU
		{4F078619-3580-CF66-E095-854FC6F90DB7}.Debug|Any CPU.Build.0 = Debug|Any CPU
		{4F078619-3580-CF66-E095-854FC6F90DB7}.Release|Any CPU.ActiveCfg = Release|Any CPU
		{4F078619-3580-CF66-E095-854FC6F90DB7}.Release|Any CPU.Build.0 = Release|Any CPU
		{DFDAA0B1-6CE4-2D59-4C00-35D7AD78BA5D}.Debug|Any CPU.ActiveCfg = Debug|Any CPU
		{DFDAA0B1-6CE4-2D59-4C00-35D7AD78BA5D}.Debug|Any CPU.Build.0 = Debug|Any CPU
		{DFDAA0B1-6CE4-2D59-4C00-35D7AD78BA5D}.Release|Any CPU.ActiveCfg = Release|Any CPU
		{DFDAA0B1-6CE4-2D59-4C00-35D7AD78BA5D}.Release|Any CPU.Build.0 = Release|Any CPU
		{F6732751-069F-2783-36D7-387E043C640E}.Debug|Any CPU.ActiveCfg = Debug|Any CPU
		{F6732751-069F-2783-36D7-387E043C640E}.Debug|Any CPU.Build.0 = Debug|Any CPU
		{F6732751-069F-2783-36D7-387E043C640E}.Release|Any CPU.ActiveCfg = Release|Any CPU
		{F6732751-069F-2783-36D7-387E043C640E}.Release|Any CPU.Build.0 = Release|Any CPU
		{F168FD3C-2DCC-41FB-BD54-E6E52665CAF9}.Debug|Any CPU.ActiveCfg = Debug|Any CPU
		{F168FD3C-2DCC-41FB-BD54-E6E52665CAF9}.Debug|Any CPU.Build.0 = Debug|Any CPU
		{F168FD3C-2DCC-41FB-BD54-E6E52665CAF9}.Release|Any CPU.ActiveCfg = Release|Any CPU
		{F168FD3C-2DCC-41FB-BD54-E6E52665CAF9}.Release|Any CPU.Build.0 = Release|Any CPU
		{38998789-AFD7-5934-9C19-65137424DC1A}.Debug|Any CPU.ActiveCfg = Debug|Any CPU
		{38998789-AFD7-5934-9C19-65137424DC1A}.Debug|Any CPU.Build.0 = Debug|Any CPU
		{38998789-AFD7-5934-9C19-65137424DC1A}.Release|Any CPU.ActiveCfg = Release|Any CPU
		{38998789-AFD7-5934-9C19-65137424DC1A}.Release|Any CPU.Build.0 = Release|Any CPU
		{D11796BF-D6A3-4EDD-B728-C98D55A934DC}.Debug|Any CPU.ActiveCfg = Debug|Any CPU
		{D11796BF-D6A3-4EDD-B728-C98D55A934DC}.Debug|Any CPU.Build.0 = Debug|Any CPU
		{D11796BF-D6A3-4EDD-B728-C98D55A934DC}.Release|Any CPU.ActiveCfg = Release|Any CPU
		{D11796BF-D6A3-4EDD-B728-C98D55A934DC}.Release|Any CPU.Build.0 = Release|Any CPU
		{2FF35D98-B951-4C4C-812B-30266BB57E3C}.Debug|Any CPU.ActiveCfg = Debug|Any CPU
		{2FF35D98-B951-4C4C-812B-30266BB57E3C}.Debug|Any CPU.Build.0 = Debug|Any CPU
		{2FF35D98-B951-4C4C-812B-30266BB57E3C}.Release|Any CPU.ActiveCfg = Release|Any CPU
		{2FF35D98-B951-4C4C-812B-30266BB57E3C}.Release|Any CPU.Build.0 = Release|Any CPU
		{1780F789-77ED-4096-BA27-BA288CC2DC9B}.Debug|Any CPU.ActiveCfg = Debug|Any CPU
		{1780F789-77ED-4096-BA27-BA288CC2DC9B}.Debug|Any CPU.Build.0 = Debug|Any CPU
		{1780F789-77ED-4096-BA27-BA288CC2DC9B}.Release|Any CPU.ActiveCfg = Release|Any CPU
		{1780F789-77ED-4096-BA27-BA288CC2DC9B}.Release|Any CPU.Build.0 = Release|Any CPU
	EndGlobalSection
	GlobalSection(SolutionProperties) = preSolution
		HideSolutionNode = FALSE
	EndGlobalSection
	GlobalSection(ExtensibilityGlobals) = postSolution
		SolutionGuid = {16F2ED4E-2596-49D1-8A73-19CD57768A69}
	EndGlobalSection
EndGlobal
